
Microsoft Visual Studio Solution File, Format Version 12.00
# Visual Studio Version 16
VisualStudioVersion = 16.0.30517.126
MinimumVisualStudioVersion = 10.0.40219.1
Project("{FAE04EC0-301F-11D3-BF4B-00C04F79EFBC}") = "MyDictionary", "MyDictionary\MyDictionary.csproj", "{31FA99BB-66D5-4731-9BAB-32C3D3ABB749}"
EndProject
Global
	GlobalSection(SolutionConfigurationPlatforms) = preSolution
		Debug|Any CPU = Debug|Any CPU
		Release|Any CPU = Release|Any CPU
	EndGlobalSection
	GlobalSection(ProjectConfigurationPlatforms) = postSolution
		{31FA99BB-66D5-4731-9BAB-32C3D3ABB749}.Debug|Any CPU.ActiveCfg = Debug|Any CPU
		{31FA99BB-66D5-4731-9BAB-32C3D3ABB749}.Debug|Any CPU.Build.0 = Debug|Any CPU
		{31FA99BB-66D5-4731-9BAB-32C3D3ABB749}.Release|Any CPU.ActiveCfg = Release|Any CPU
		{31FA99BB-66D5-4731-9BAB-32C3D3ABB749}.Release|Any CPU.Build.0 = Release|Any CPU
	EndGlobalSection
	GlobalSection(SolutionProperties) = preSolution
		HideSolutionNode = FALSE
	EndGlobalSection
	GlobalSection(ExtensibilityGlobals) = postSolution
		SolutionGuid = {C5D8ED70-A6AF-4019-BF49-952C7D54C1AA}
	EndGlobalSection
EndGlobal
